
Microsoft Visual Studio Solution File, Format Version 12.00
# Visual Studio Version 17
VisualStudioVersion = 17.0.31903.59
MinimumVisualStudioVersion = 10.0.40219.1
Project("{FAE04EC0-301F-11D3-BF4B-00C04F79EFBC}") = "Core.Api", "Core.Api\Core.Api.csproj", "{DFAA2D96-3D92-41E7-9116-5FDFF47D109C}"
EndProject
Project("{FAE04EC0-301F-11D3-BF4B-00C04F79EFBC}") = "Core.Application", "Core.Application\Core.Application.csproj", "{7A57F87E-8FE3-4D50-AEFD-4812E23D47B4}"
EndProject
Project("{FAE04EC0-301F-11D3-BF4B-00C04F79EFBC}") = "Core.Domain", "Core.Domain\Core.Domain.csproj", "{B76E5FF9-0249-431C-8695-2ACE4BC4D9FB}"
EndProject
Project("{FAE04EC0-301F-11D3-BF4B-00C04F79EFBC}") = "Core.Infrastructure", "Core.Infrastructure\Core.Infrastructure.csproj", "{23D8E2A7-143D-44B5-AF8A-DF86997382AF}"
EndProject
Global
	GlobalSection(SolutionConfigurationPlatforms) = preSolution
		Debug|Any CPU = Debug|Any CPU
		Debug|x64 = Debug|x64
		Debug|x86 = Debug|x86
		Release|Any CPU = Release|Any CPU
		Release|x64 = Release|x64
		Release|x86 = Release|x86
	EndGlobalSection
	GlobalSection(ProjectConfigurationPlatforms) = postSolution
		{DFAA2D96-3D92-41E7-9116-5FDFF47D109C}.Debug|Any CPU.ActiveCfg = Debug|Any CPU
		{DFAA2D96-3D92-41E7-9116-5FDFF47D109C}.Debug|Any CPU.Build.0 = Debug|Any CPU
		{DFAA2D96-3D92-41E7-9116-5FDFF47D109C}.Debug|x64.ActiveCfg = Debug|Any CPU
		{DFAA2D96-3D92-41E7-9116-5FDFF47D109C}.Debug|x64.Build.0 = Debug|Any CPU
		{DFAA2D96-3D92-41E7-9116-5FDFF47D109C}.Debug|x86.ActiveCfg = Debug|Any CPU
		{DFAA2D96-3D92-41E7-9116-5FDFF47D109C}.Debug|x86.Build.0 = Debug|Any CPU
		{DFAA2D96-3D92-41E7-9116-5FDFF47D109C}.Release|Any CPU.ActiveCfg = Release|Any CPU
		{DFAA2D96-3D92-41E7-9116-5FDFF47D109C}.Release|Any CPU.Build.0 = Release|Any CPU
		{DFAA2D96-3D92-41E7-9116-5FDFF47D109C}.Release|x64.ActiveCfg = Release|Any CPU
		{DFAA2D96-3D92-41E7-9116-5FDFF47D109C}.Release|x64.Build.0 = Release|Any CPU
		{DFAA2D96-3D92-41E7-9116-5FDFF47D109C}.Release|x86.ActiveCfg = Release|Any CPU
		{DFAA2D96-3D92-41E7-9116-5FDFF47D109C}.Release|x86.Build.0 = Release|Any CPU
		{7A57F87E-8FE3-4D50-AEFD-4812E23D47B4}.Debug|Any CPU.ActiveCfg = Debug|Any CPU
		{7A57F87E-8FE3-4D50-AEFD-4812E23D47B4}.Debug|Any CPU.Build.0 = Debug|Any CPU
		{7A57F87E-8FE3-4D50-AEFD-4812E23D47B4}.Debug|x64.ActiveCfg = Debug|Any CPU
		{7A57F87E-8FE3-4D50-AEFD-4812E23D47B4}.Debug|x64.Build.0 = Debug|Any CPU
		{7A57F87E-8FE3-4D50-AEFD-4812E23D47B4}.Debug|x86.ActiveCfg = Debug|Any CPU
		{7A57F87E-8FE3-4D50-AEFD-4812E23D47B4}.Debug|x86.Build.0 = Debug|Any CPU
		{7A57F87E-8FE3-4D50-AEFD-4812E23D47B4}.Release|Any CPU.ActiveCfg = Release|Any CPU
		{7A57F87E-8FE3-4D50-AEFD-4812E23D47B4}.Release|Any CPU.Build.0 = Release|Any CPU
		{7A57F87E-8FE3-4D50-AEFD-4812E23D47B4}.Release|x64.ActiveCfg = Release|Any CPU
		{7A57F87E-8FE3-4D50-AEFD-4812E23D47B4}.Release|x64.Build.0 = Release|Any CPU
		{7A57F87E-8FE3-4D50-AEFD-4812E23D47B4}.Release|x86.ActiveCfg = Release|Any CPU
		{7A57F87E-8FE3-4D50-AEFD-4812E23D47B4}.Release|x86.Build.0 = Release|Any CPU
		{B76E5FF9-0249-431C-8695-2ACE4BC4D9FB}.Debug|Any CPU.ActiveCfg = Debug|Any CPU
		{B76E5FF9-0249-431C-8695-2ACE4BC4D9FB}.Debug|Any CPU.Build.0 = Debug|Any CPU
		{B76E5FF9-0249-431C-8695-2ACE4BC4D9FB}.Debug|x64.ActiveCfg = Debug|Any CPU
		{B76E5FF9-0249-431C-8695-2ACE4BC4D9FB}.Debug|x64.Build.0 = Debug|Any CPU
		{B76E5FF9-0249-431C-8695-2ACE4BC4D9FB}.Debug|x86.ActiveCfg = Debug|Any CPU
		{B76E5FF9-0249-431C-8695-2ACE4BC4D9FB}.Debug|x86.Build.0 = Debug|Any CPU
		{B76E5FF9-0249-431C-8695-2ACE4BC4D9FB}.Release|Any CPU.ActiveCfg = Release|Any CPU
		{B76E5FF9-0249-431C-8695-2ACE4BC4D9FB}.Release|Any CPU.Build.0 = Release|Any CPU
		{B76E5FF9-0249-431C-8695-2ACE4BC4D9FB}.Release|x64.ActiveCfg = Release|Any CPU
		{B76E5FF9-0249-431C-8695-2ACE4BC4D9FB}.Release|x64.Build.0 = Release|Any CPU
		{B76E5FF9-0249-431C-8695-2ACE4BC4D9FB}.Release|x86.ActiveCfg = Release|Any CPU
		{B76E5FF9-0249-431C-8695-2ACE4BC4D9FB}.Release|x86.Build.0 = Release|Any CPU
		{23D8E2A7-143D-44B5-AF8A-DF86997382AF}.Debug|Any CPU.ActiveCfg = Debug|Any CPU
		{23D8E2A7-143D-44B5-AF8A-DF86997382AF}.Debug|Any CPU.Build.0 = Debug|Any CPU
		{23D8E2A7-143D-44B5-AF8A-DF86997382AF}.Debug|x64.ActiveCfg = Debug|Any CPU
		{23D8E2A7-143D-44B5-AF8A-DF86997382AF}.Debug|x64.Build.0 = Debug|Any CPU
		{23D8E2A7-143D-44B5-AF8A-DF86997382AF}.Debug|x86.ActiveCfg = Debug|Any CPU
		{23D8E2A7-143D-44B5-AF8A-DF86997382AF}.Debug|x86.Build.0 = Debug|Any CPU
		{23D8E2A7-143D-44B5-AF8A-DF86997382AF}.Release|Any CPU.ActiveCfg = Release|Any CPU
		{23D8E2A7-143D-44B5-AF8A-DF86997382AF}.Release|Any CPU.Build.0 = Release|Any CPU
		{23D8E2A7-143D-44B5-AF8A-DF86997382AF}.Release|x64.ActiveCfg = Release|Any CPU
		{23D8E2A7-143D-44B5-AF8A-DF86997382AF}.Release|x64.Build.0 = Release|Any CPU
		{23D8E2A7-143D-44B5-AF8A-DF86997382AF}.Release|x86.ActiveCfg = Release|Any CPU
		{23D8E2A7-143D-44B5-AF8A-DF86997382AF}.Release|x86.Build.0 = Release|Any CPU
	EndGlobalSection
	GlobalSection(SolutionProperties) = preSolution
		HideSolutionNode = FALSE
	EndGlobalSection
EndGlobal
