
Microsoft Visual Studio Solution File, Format Version 12.00
# Visual Studio Version 17
VisualStudioVersion = 17.0.31903.59
MinimumVisualStudioVersion = 10.0.40219.1
Project("{FAE04EC0-301F-11D3-BF4B-00C04F79EFBC}") = "Identity.Api", "Identity.Api\Identity.Api.csproj", "{C1B79A04-0CD8-4176-BDE1-7C27B84FCD23}"
EndProject
Project("{FAE04EC0-301F-11D3-BF4B-00C04F79EFBC}") = "Identity.Domain", "Identity.Domain\Identity.Domain.csproj", "{DE220496-0813-49E8-A261-3E3D8E903678}"
EndProject
Project("{FAE04EC0-301F-11D3-BF4B-00C04F79EFBC}") = "Identity.Infrastructure", "Identity.Infrastructure\Identity.Infrastructure.csproj", "{BF75A35C-5707-476F-A5B3-73A8C6D2373D}"
EndProject
Project("{FAE04EC0-301F-11D3-BF4B-00C04F79EFBC}") = "Identity.Application", "Identity.Application\Identity.Application.csproj", "{19310716-CCBF-459F-8CB8-4F0D3E83C439}"
EndProject
Project("{FAE04EC0-301F-11D3-BF4B-00C04F79EFBC}") = "AmicoAdapter.Api", "..\SentriX_AmicoAdapter\AmicoAdapter.Api\AmicoAdapter.Api.csproj", "{53C3DFE6-54FE-40E3-A59A-03F6096B1723}"
EndProject
Project("{FAE04EC0-301F-11D3-BF4B-00C04F79EFBC}") = "AmicoAdapter.Domain", "..\SentriX_AmicoAdapter\AmicoAdapter.Domain\AmicoAdapter.Domain.csproj", "{F9B0A0A1-5060-476A-B736-27A4F7C0AEB6}"
EndProject
Project("{FAE04EC0-301F-11D3-BF4B-00C04F79EFBC}") = "AmicoAdapter.Application", "..\SentriX_AmicoAdapter\AmicoAdapter.Application\AmicoAdapter.Application.csproj", "{44DB49A4-E955-4D1F-BC10-F61F7FA98CA4}"
EndProject
Project("{FAE04EC0-301F-11D3-BF4B-00C04F79EFBC}") = "AmicoAdapter.Infrastructure", "..\SentriX_AmicoAdapter\AmicoAdapter.Infrastructure\AmicoAdapter.Infrastructure.csproj", "{66F10E54-3504-46C9-88CB-BD735CDF8801}"
EndProject
Global
	GlobalSection(SolutionConfigurationPlatforms) = preSolution
		Debug|Any CPU = Debug|Any CPU
		Debug|x64 = Debug|x64
		Debug|x86 = Debug|x86
		Release|Any CPU = Release|Any CPU
		Release|x64 = Release|x64
		Release|x86 = Release|x86
	EndGlobalSection
	GlobalSection(ProjectConfigurationPlatforms) = postSolution
		{C1B79A04-0CD8-4176-BDE1-7C27B84FCD23}.Debug|Any CPU.ActiveCfg = Debug|Any CPU
		{C1B79A04-0CD8-4176-BDE1-7C27B84FCD23}.Debug|Any CPU.Build.0 = Debug|Any CPU
		{C1B79A04-0CD8-4176-BDE1-7C27B84FCD23}.Debug|x64.ActiveCfg = Debug|Any CPU
		{C1B79A04-0CD8-4176-BDE1-7C27B84FCD23}.Debug|x64.Build.0 = Debug|Any CPU
		{C1B79A04-0CD8-4176-BDE1-7C27B84FCD23}.Debug|x86.ActiveCfg = Debug|Any CPU
		{C1B79A04-0CD8-4176-BDE1-7C27B84FCD23}.Debug|x86.Build.0 = Debug|Any CPU
		{C1B79A04-0CD8-4176-BDE1-7C27B84FCD23}.Release|Any CPU.ActiveCfg = Release|Any CPU
		{C1B79A04-0CD8-4176-BDE1-7C27B84FCD23}.Release|Any CPU.Build.0 = Release|Any CPU
		{C1B79A04-0CD8-4176-BDE1-7C27B84FCD23}.Release|x64.ActiveCfg = Release|Any CPU
		{C1B79A04-0CD8-4176-BDE1-7C27B84FCD23}.Release|x64.Build.0 = Release|Any CPU
		{C1B79A04-0CD8-4176-BDE1-7C27B84FCD23}.Release|x86.ActiveCfg = Release|Any CPU
		{C1B79A04-0CD8-4176-BDE1-7C27B84FCD23}.Release|x86.Build.0 = Release|Any CPU
		{DE220496-0813-49E8-A261-3E3D8E903678}.Debug|Any CPU.ActiveCfg = Debug|Any CPU
		{DE220496-0813-49E8-A261-3E3D8E903678}.Debug|Any CPU.Build.0 = Debug|Any CPU
		{DE220496-0813-49E8-A261-3E3D8E903678}.Debug|x64.ActiveCfg = Debug|Any CPU
		{DE220496-0813-49E8-A261-3E3D8E903678}.Debug|x64.Build.0 = Debug|Any CPU
		{DE220496-0813-49E8-A261-3E3D8E903678}.Debug|x86.ActiveCfg = Debug|Any CPU
		{DE220496-0813-49E8-A261-3E3D8E903678}.Debug|x86.Build.0 = Debug|Any CPU
		{DE220496-0813-49E8-A261-3E3D8E903678}.Release|Any CPU.ActiveCfg = Release|Any CPU
		{DE220496-0813-49E8-A261-3E3D8E903678}.Release|Any CPU.Build.0 = Release|Any CPU
		{DE220496-0813-49E8-A261-3E3D8E903678}.Release|x64.ActiveCfg = Release|Any CPU
		{DE220496-0813-49E8-A261-3E3D8E903678}.Release|x64.Build.0 = Release|Any CPU
		{DE220496-0813-49E8-A261-3E3D8E903678}.Release|x86.ActiveCfg = Release|Any CPU
		{DE220496-0813-49E8-A261-3E3D8E903678}.Release|x86.Build.0 = Release|Any CPU
		{BF75A35C-5707-476F-A5B3-73A8C6D2373D}.Debug|Any CPU.ActiveCfg = Debug|Any CPU
		{BF75A35C-5707-476F-A5B3-73A8C6D2373D}.Debug|Any CPU.Build.0 = Debug|Any CPU
		{BF75A35C-5707-476F-A5B3-73A8C6D2373D}.Debug|x64.ActiveCfg = Debug|Any CPU
		{BF75A35C-5707-476F-A5B3-73A8C6D2373D}.Debug|x64.Build.0 = Debug|Any CPU
		{BF75A35C-5707-476F-A5B3-73A8C6D2373D}.Debug|x86.ActiveCfg = Debug|Any CPU
		{BF75A35C-5707-476F-A5B3-73A8C6D2373D}.Debug|x86.Build.0 = Debug|Any CPU
		{BF75A35C-5707-476F-A5B3-73A8C6D2373D}.Release|Any CPU.ActiveCfg = Release|Any CPU
		{BF75A35C-5707-476F-A5B3-73A8C6D2373D}.Release|Any CPU.Build.0 = Release|Any CPU
		{BF75A35C-5707-476F-A5B3-73A8C6D2373D}.Release|x64.ActiveCfg = Release|Any CPU
		{BF75A35C-5707-476F-A5B3-73A8C6D2373D}.Release|x64.Build.0 = Release|Any CPU
		{BF75A35C-5707-476F-A5B3-73A8C6D2373D}.Release|x86.ActiveCfg = Release|Any CPU
		{BF75A35C-5707-476F-A5B3-73A8C6D2373D}.Release|x86.Build.0 = Release|Any CPU
		{19310716-CCBF-459F-8CB8-4F0D3E83C439}.Debug|Any CPU.ActiveCfg = Debug|Any CPU
		{19310716-CCBF-459F-8CB8-4F0D3E83C439}.Debug|Any CPU.Build.0 = Debug|Any CPU
		{19310716-CCBF-459F-8CB8-4F0D3E83C439}.Debug|x64.ActiveCfg = Debug|Any CPU
		{19310716-CCBF-459F-8CB8-4F0D3E83C439}.Debug|x64.Build.0 = Debug|Any CPU
		{19310716-CCBF-459F-8CB8-4F0D3E83C439}.Debug|x86.ActiveCfg = Debug|Any CPU
		{19310716-CCBF-459F-8CB8-4F0D3E83C439}.Debug|x86.Build.0 = Debug|Any CPU
		{19310716-CCBF-459F-8CB8-4F0D3E83C439}.Release|Any CPU.ActiveCfg = Release|Any CPU
		{19310716-CCBF-459F-8CB8-4F0D3E83C439}.Release|Any CPU.Build.0 = Release|Any CPU
		{19310716-CCBF-459F-8CB8-4F0D3E83C439}.Release|x64.ActiveCfg = Release|Any CPU
		{19310716-CCBF-459F-8CB8-4F0D3E83C439}.Release|x64.Build.0 = Release|Any CPU
		{19310716-CCBF-459F-8CB8-4F0D3E83C439}.Release|x86.ActiveCfg = Release|Any CPU
		{19310716-CCBF-459F-8CB8-4F0D3E83C439}.Release|x86.Build.0 = Release|Any CPU
		{53C3DFE6-54FE-40E3-A59A-03F6096B1723}.Debug|Any CPU.ActiveCfg = Debug|Any CPU
		{53C3DFE6-54FE-40E3-A59A-03F6096B1723}.Debug|Any CPU.Build.0 = Debug|Any CPU
		{53C3DFE6-54FE-40E3-A59A-03F6096B1723}.Debug|x64.ActiveCfg = Debug|Any CPU
		{53C3DFE6-54FE-40E3-A59A-03F6096B1723}.Debug|x64.Build.0 = Debug|Any CPU
		{53C3DFE6-54FE-40E3-A59A-03F6096B1723}.Debug|x86.ActiveCfg = Debug|Any CPU
		{53C3DFE6-54FE-40E3-A59A-03F6096B1723}.Debug|x86.Build.0 = Debug|Any CPU
		{53C3DFE6-54FE-40E3-A59A-03F6096B1723}.Release|Any CPU.ActiveCfg = Release|Any CPU
		{53C3DFE6-54FE-40E3-A59A-03F6096B1723}.Release|Any CPU.Build.0 = Release|Any CPU
		{53C3DFE6-54FE-40E3-A59A-03F6096B1723}.Release|x64.ActiveCfg = Release|Any CPU
		{53C3DFE6-54FE-40E3-A59A-03F6096B1723}.Release|x64.Build.0 = Release|Any CPU
		{53C3DFE6-54FE-40E3-A59A-03F6096B1723}.Release|x86.ActiveCfg = Release|Any CPU
		{53C3DFE6-54FE-40E3-A59A-03F6096B1723}.Release|x86.Build.0 = Release|Any CPU
		{F9B0A0A1-5060-476A-B736-27A4F7C0AEB6}.Debug|Any CPU.ActiveCfg = Debug|Any CPU
		{F9B0A0A1-5060-476A-B736-27A4F7C0AEB6}.Debug|Any CPU.Build.0 = Debug|Any CPU
		{F9B0A0A1-5060-476A-B736-27A4F7C0AEB6}.Debug|x64.ActiveCfg = Debug|Any CPU
		{F9B0A0A1-5060-476A-B736-27A4F7C0AEB6}.Debug|x64.Build.0 = Debug|Any CPU
		{F9B0A0A1-5060-476A-B736-27A4F7C0AEB6}.Debug|x86.ActiveCfg = Debug|Any CPU
		{F9B0A0A1-5060-476A-B736-27A4F7C0AEB6}.Debug|x86.Build.0 = Debug|Any CPU
		{F9B0A0A1-5060-476A-B736-27A4F7C0AEB6}.Release|Any CPU.ActiveCfg = Release|Any CPU
		{F9B0A0A1-5060-476A-B736-27A4F7C0AEB6}.Release|Any CPU.Build.0 = Release|Any CPU
		{F9B0A0A1-5060-476A-B736-27A4F7C0AEB6}.Release|x64.ActiveCfg = Release|Any CPU
		{F9B0A0A1-5060-476A-B736-27A4F7C0AEB6}.Release|x64.Build.0 = Release|Any CPU
		{F9B0A0A1-5060-476A-B736-27A4F7C0AEB6}.Release|x86.ActiveCfg = Release|Any CPU
		{F9B0A0A1-5060-476A-B736-27A4F7C0AEB6}.Release|x86.Build.0 = Release|Any CPU
		{44DB49A4-E955-4D1F-BC10-F61F7FA98CA4}.Debug|Any CPU.ActiveCfg = Debug|Any CPU
		{44DB49A4-E955-4D1F-BC10-F61F7FA98CA4}.Debug|Any CPU.Build.0 = Debug|Any CPU
		{44DB49A4-E955-4D1F-BC10-F61F7FA98CA4}.Debug|x64.ActiveCfg = Debug|Any CPU
		{44DB49A4-E955-4D1F-BC10-F61F7FA98CA4}.Debug|x64.Build.0 = Debug|Any CPU
		{44DB49A4-E955-4D1F-BC10-F61F7FA98CA4}.Debug|x86.ActiveCfg = Debug|Any CPU
		{44DB49A4-E955-4D1F-BC10-F61F7FA98CA4}.Debug|x86.Build.0 = Debug|Any CPU
		{44DB49A4-E955-4D1F-BC10-F61F7FA98CA4}.Release|Any CPU.ActiveCfg = Release|Any CPU
		{44DB49A4-E955-4D1F-BC10-F61F7FA98CA4}.Release|Any CPU.Build.0 = Release|Any CPU
		{44DB49A4-E955-4D1F-BC10-F61F7FA98CA4}.Release|x64.ActiveCfg = Release|Any CPU
		{44DB49A4-E955-4D1F-BC10-F61F7FA98CA4}.Release|x64.Build.0 = Release|Any CPU
		{44DB49A4-E955-4D1F-BC10-F61F7FA98CA4}.Release|x86.ActiveCfg = Release|Any CPU
		{44DB49A4-E955-4D1F-BC10-F61F7FA98CA4}.Release|x86.Build.0 = Release|Any CPU
		{66F10E54-3504-46C9-88CB-BD735CDF8801}.Debug|Any CPU.ActiveCfg = Debug|Any CPU
		{66F10E54-3504-46C9-88CB-BD735CDF8801}.Debug|Any CPU.Build.0 = Debug|Any CPU
		{66F10E54-3504-46C9-88CB-BD735CDF8801}.Debug|x64.ActiveCfg = Debug|Any CPU
		{66F10E54-3504-46C9-88CB-BD735CDF8801}.Debug|x64.Build.0 = Debug|Any CPU
		{66F10E54-3504-46C9-88CB-BD735CDF8801}.Debug|x86.ActiveCfg = Debug|Any CPU
		{66F10E54-3504-46C9-88CB-BD735CDF8801}.Debug|x86.Build.0 = Debug|Any CPU
		{66F10E54-3504-46C9-88CB-BD735CDF8801}.Release|Any CPU.ActiveCfg = Release|Any CPU
		{66F10E54-3504-46C9-88CB-BD735CDF8801}.Release|Any CPU.Build.0 = Release|Any CPU
		{66F10E54-3504-46C9-88CB-BD735CDF8801}.Release|x64.ActiveCfg = Release|Any CPU
		{66F10E54-3504-46C9-88CB-BD735CDF8801}.Release|x64.Build.0 = Release|Any CPU
		{66F10E54-3504-46C9-88CB-BD735CDF8801}.Release|x86.ActiveCfg = Release|Any CPU
		{66F10E54-3504-46C9-88CB-BD735CDF8801}.Release|x86.Build.0 = Release|Any CPU
	EndGlobalSection
	GlobalSection(SolutionProperties) = preSolution
		HideSolutionNode = FALSE
	EndGlobalSection
EndGlobal
